
Microsoft Visual Studio Solution File, Format Version 12.00
# Visual Studio Version 16
VisualStudioVersion = 16.0.31624.102
MinimumVisualStudioVersion = 10.0.40219.1
Project("{FAE04EC0-301F-11D3-BF4B-00C04F79EFBC}") = "TIP_lab4", "TIP_lab4\TIP_lab4.csproj", "{FBF440FA-25CA-4540-BFAC-908D9BF094AB}"
EndProject
Global
	GlobalSection(SolutionConfigurationPlatforms) = preSolution
		Debug|Any CPU = Debug|Any CPU
		Release|Any CPU = Release|Any CPU
	EndGlobalSection
	GlobalSection(ProjectConfigurationPlatforms) = postSolution
		{FBF440FA-25CA-4540-BFAC-908D9BF094AB}.Debug|Any CPU.ActiveCfg = Debug|Any CPU
		{FBF440FA-25CA-4540-BFAC-908D9BF094AB}.Debug|Any CPU.Build.0 = Debug|Any CPU
		{FBF440FA-25CA-4540-BFAC-908D9BF094AB}.Release|Any CPU.ActiveCfg = Release|Any CPU
		{FBF440FA-25CA-4540-BFAC-908D9BF094AB}.Release|Any CPU.Build.0 = Release|Any CPU
	EndGlobalSection
	GlobalSection(SolutionProperties) = preSolution
		HideSolutionNode = FALSE
	EndGlobalSection
	GlobalSection(ExtensibilityGlobals) = postSolution
		SolutionGuid = {0F7D7669-D042-4716-817D-E4044A6EAA79}
	EndGlobalSection
EndGlobal
